
Microsoft Visual Studio Solution File, Format Version 12.00
# Visual Studio Version 17
VisualStudioVersion = 17.0.31903.59
MinimumVisualStudioVersion = 10.0.40219.1
Project("{FAE04EC0-301F-11D3-BF4B-00C04F79EFBC}") = "LocalJudgingSystem", "LocalJudgingSystem\LocalJudgingSystem.csproj", "{7CB3E72C-EF98-4938-BC08-75BEAACED59D}"
EndProject
Global
	GlobalSection(SolutionConfigurationPlatforms) = preSolution
		Debug|Any CPU = Debug|Any CPU
		Release|Any CPU = Release|Any CPU
	EndGlobalSection
	GlobalSection(ProjectConfigurationPlatforms) = postSolution
		{7CB3E72C-EF98-4938-BC08-75BEAACED59D}.Debug|Any CPU.ActiveCfg = Debug|Any CPU
		{7CB3E72C-EF98-4938-BC08-75BEAACED59D}.Debug|Any CPU.Build.0 = Debug|Any CPU
		{7CB3E72C-EF98-4938-BC08-75BEAACED59D}.Release|Any CPU.ActiveCfg = Release|Any CPU
		{7CB3E72C-EF98-4938-BC08-75BEAACED59D}.Release|Any CPU.Build.0 = Release|Any CPU
	EndGlobalSection
	GlobalSection(SolutionProperties) = preSolution
		HideSolutionNode = FALSE
	EndGlobalSection
	GlobalSection(ExtensibilityGlobals) = postSolution
		SolutionGuid = {6B6BDC11-0D74-46BC-B920-E4589E67452F}
	EndGlobalSection
EndGlobal
